
Microsoft Visual Studio Solution File, Format Version 12.00
# Visual Studio 15
VisualStudioVersion = 15.0.28307.645
MinimumVisualStudioVersion = 10.0.40219.1
Project("{FAE04EC0-301F-11D3-BF4B-00C04F79EFBC}") = "WindowsSettingsClone.Uwp", "WindowsSettingsClone.Uwp\WindowsSettingsClone.Uwp.csproj", "{9A0D70E5-4A36-4C64-8228-BCA53FAF4D05}"
EndProject
Project("{2150E333-8FDC-42A3-9474-1A3956D46DE8}") = "Solution Items", "Solution Items", "{5F80AFFC-C293-47DF-A014-CAF542DD2C77}"
	ProjectSection(SolutionItems) = preProject
		..\.editorconfig = ..\.editorconfig
		..\.gitattributes = ..\.gitattributes
		..\.gitignore = ..\.gitignore
		CodeMaid.config = CodeMaid.config
		Settings.XamlStyler = Settings.XamlStyler
	EndProjectSection
EndProject
Project("{9A19103F-16F7-4668-BE54-9A1E7A4F7556}") = "WindowsSettingsClone.Uwp.ViewModels", "WindowsSettingsClone.Uwp.ViewModels\WindowsSettingsClone.Uwp.ViewModels.csproj", "{23F522B7-EB71-4620-9EA9-F7671CC32075}"
EndProject
Project("{9A19103F-16F7-4668-BE54-9A1E7A4F7556}") = "WindowsSettingsClone.Uwp.ViewModels.Tests", "WindowsSettingsClone.Uwp.ViewModels.Tests\WindowsSettingsClone.Uwp.ViewModels.Tests.csproj", "{4273BDBE-BF24-4BC3-A0B2-FD6ACCE3697E}"
EndProject
Project("{FAE04EC0-301F-11D3-BF4B-00C04F79EFBC}") = "WindowsSettingsClone.Uwp.DesktopServices", "WindowsSettingsClone.Uwp.DesktopServices\WindowsSettingsClone.Uwp.DesktopServices.csproj", "{F44EEEDC-4D97-4B07-8D7E-0309B8746005}"
EndProject
Global
	GlobalSection(SolutionConfigurationPlatforms) = preSolution
		Debug|Any CPU = Debug|Any CPU
		Debug|ARM = Debug|ARM
		Debug|ARM64 = Debug|ARM64
		Debug|x64 = Debug|x64
		Debug|x86 = Debug|x86
		Release|Any CPU = Release|Any CPU
		Release|ARM = Release|ARM
		Release|ARM64 = Release|ARM64
		Release|x64 = Release|x64
		Release|x86 = Release|x86
	EndGlobalSection
	GlobalSection(ProjectConfigurationPlatforms) = postSolution
		{9A0D70E5-4A36-4C64-8228-BCA53FAF4D05}.Debug|Any CPU.ActiveCfg = Debug|x86
		{9A0D70E5-4A36-4C64-8228-BCA53FAF4D05}.Debug|ARM.ActiveCfg = Debug|ARM
		{9A0D70E5-4A36-4C64-8228-BCA53FAF4D05}.Debug|ARM.Build.0 = Debug|ARM
		{9A0D70E5-4A36-4C64-8228-BCA53FAF4D05}.Debug|ARM.Deploy.0 = Debug|ARM
		{9A0D70E5-4A36-4C64-8228-BCA53FAF4D05}.Debug|ARM64.ActiveCfg = Debug|ARM64
		{9A0D70E5-4A36-4C64-8228-BCA53FAF4D05}.Debug|ARM64.Build.0 = Debug|ARM64
		{9A0D70E5-4A36-4C64-8228-BCA53FAF4D05}.Debug|ARM64.Deploy.0 = Debug|ARM64
		{9A0D70E5-4A36-4C64-8228-BCA53FAF4D05}.Debug|x64.ActiveCfg = Debug|x64
		{9A0D70E5-4A36-4C64-8228-BCA53FAF4D05}.Debug|x64.Build.0 = Debug|x64
		{9A0D70E5-4A36-4C64-8228-BCA53FAF4D05}.Debug|x64.Deploy.0 = Debug|x64
		{9A0D70E5-4A36-4C64-8228-BCA53FAF4D05}.Debug|x86.ActiveCfg = Debug|x86
		{9A0D70E5-4A36-4C64-8228-BCA53FAF4D05}.Debug|x86.Build.0 = Debug|x86
		{9A0D70E5-4A36-4C64-8228-BCA53FAF4D05}.Debug|x86.Deploy.0 = Debug|x86
		{9A0D70E5-4A36-4C64-8228-BCA53FAF4D05}.Release|Any CPU.ActiveCfg = Release|x86
		{9A0D70E5-4A36-4C64-8228-BCA53FAF4D05}.Release|ARM.ActiveCfg = Release|ARM
		{9A0D70E5-4A36-4C64-8228-BCA53FAF4D05}.Release|ARM.Build.0 = Release|ARM
		{9A0D70E5-4A36-4C64-8228-BCA53FAF4D05}.Release|ARM.Deploy.0 = Release|ARM
		{9A0D70E5-4A36-4C64-8228-BCA53FAF4D05}.Release|ARM64.ActiveCfg = Release|ARM64
		{9A0D70E5-4A36-4C64-8228-BCA53FAF4D05}.Release|ARM64.Build.0 = Release|ARM64
		{9A0D70E5-4A36-4C64-8228-BCA53FAF4D05}.Release|ARM64.Deploy.0 = Release|ARM64
		{9A0D70E5-4A36-4C64-8228-BCA53FAF4D05}.Release|x64.ActiveCfg = Release|x64
		{9A0D70E5-4A36-4C64-8228-BCA53FAF4D05}.Release|x64.Build.0 = Release|x64
		{9A0D70E5-4A36-4C64-8228-BCA53FAF4D05}.Release|x64.Deploy.0 = Release|x64
		{9A0D70E5-4A36-4C64-8228-BCA53FAF4D05}.Release|x86.ActiveCfg = Release|x86
		{9A0D70E5-4A36-4C64-8228-BCA53FAF4D05}.Release|x86.Build.0 = Release|x86
		{9A0D70E5-4A36-4C64-8228-BCA53FAF4D05}.Release|x86.Deploy.0 = Release|x86
		{23F522B7-EB71-4620-9EA9-F7671CC32075}.Debug|Any CPU.ActiveCfg = Debug|Any CPU
		{23F522B7-EB71-4620-9EA9-F7671CC32075}.Debug|Any CPU.Build.0 = Debug|Any CPU
		{23F522B7-EB71-4620-9EA9-F7671CC32075}.Debug|ARM.ActiveCfg = Debug|Any CPU
		{23F522B7-EB71-4620-9EA9-F7671CC32075}.Debug|ARM.Build.0 = Debug|Any CPU
		{23F522B7-EB71-4620-9EA9-F7671CC32075}.Debug|ARM64.ActiveCfg = Debug|Any CPU
		{23F522B7-EB71-4620-9EA9-F7671CC32075}.Debug|ARM64.Build.0 = Debug|Any CPU
		{23F522B7-EB71-4620-9EA9-F7671CC32075}.Debug|x64.ActiveCfg = Debug|Any CPU
		{23F522B7-EB71-4620-9EA9-F7671CC32075}.Debug|x64.Build.0 = Debug|Any CPU
		{23F522B7-EB71-4620-9EA9-F7671CC32075}.Debug|x86.ActiveCfg = Debug|Any CPU
		{23F522B7-EB71-4620-9EA9-F7671CC32075}.Debug|x86.Build.0 = Debug|Any CPU
		{23F522B7-EB71-4620-9EA9-F7671CC32075}.Release|Any CPU.ActiveCfg = Release|Any CPU
		{23F522B7-EB71-4620-9EA9-F7671CC32075}.Release|Any CPU.Build.0 = Release|Any CPU
		{23F522B7-EB71-4620-9EA9-F7671CC32075}.Release|ARM.ActiveCfg = Release|Any CPU
		{23F522B7-EB71-4620-9EA9-F7671CC32075}.Release|ARM.Build.0 = Release|Any CPU
		{23F522B7-EB71-4620-9EA9-F7671CC32075}.Release|ARM64.ActiveCfg = Release|Any CPU
		{23F522B7-EB71-4620-9EA9-F7671CC32075}.Release|ARM64.Build.0 = Release|Any CPU
		{23F522B7-EB71-4620-9EA9-F7671CC32075}.Release|x64.ActiveCfg = Release|Any CPU
		{23F522B7-EB71-4620-9EA9-F7671CC32075}.Release|x64.Build.0 = Release|Any CPU
		{23F522B7-EB71-4620-9EA9-F7671CC32075}.Release|x86.ActiveCfg = Release|Any CPU
		{23F522B7-EB71-4620-9EA9-F7671CC32075}.Release|x86.Build.0 = Release|Any CPU
		{4273BDBE-BF24-4BC3-A0B2-FD6ACCE3697E}.Debug|Any CPU.ActiveCfg = Debug|Any CPU
		{4273BDBE-BF24-4BC3-A0B2-FD6ACCE3697E}.Debug|Any CPU.Build.0 = Debug|Any CPU
		{4273BDBE-BF24-4BC3-A0B2-FD6ACCE3697E}.Debug|ARM.ActiveCfg = Debug|Any CPU
		{4273BDBE-BF24-4BC3-A0B2-FD6ACCE3697E}.Debug|ARM.Build.0 = Debug|Any CPU
		{4273BDBE-BF24-4BC3-A0B2-FD6ACCE3697E}.Debug|ARM64.ActiveCfg = Debug|Any CPU
		{4273BDBE-BF24-4BC3-A0B2-FD6ACCE3697E}.Debug|ARM64.Build.0 = Debug|Any CPU
		{4273BDBE-BF24-4BC3-A0B2-FD6ACCE3697E}.Debug|x64.ActiveCfg = Debug|Any CPU
		{4273BDBE-BF24-4BC3-A0B2-FD6ACCE3697E}.Debug|x64.Build.0 = Debug|Any CPU
		{4273BDBE-BF24-4BC3-A0B2-FD6ACCE3697E}.Debug|x86.ActiveCfg = Debug|Any CPU
		{4273BDBE-BF24-4BC3-A0B2-FD6ACCE3697E}.Debug|x86.Build.0 = Debug|Any CPU
		{4273BDBE-BF24-4BC3-A0B2-FD6ACCE3697E}.Release|Any CPU.ActiveCfg = Release|Any CPU
		{4273BDBE-BF24-4BC3-A0B2-FD6ACCE3697E}.Release|Any CPU.Build.0 = Release|Any CPU
		{4273BDBE-BF24-4BC3-A0B2-FD6ACCE3697E}.Release|ARM.ActiveCfg = Release|Any CPU
		{4273BDBE-BF24-4BC3-A0B2-FD6ACCE3697E}.Release|ARM.Build.0 = Release|Any CPU
		{4273BDBE-BF24-4BC3-A0B2-FD6ACCE3697E}.Release|ARM64.ActiveCfg = Release|Any CPU
		{4273BDBE-BF24-4BC3-A0B2-FD6ACCE3697E}.Release|ARM64.Build.0 = Release|Any CPU
		{4273BDBE-BF24-4BC3-A0B2-FD6ACCE3697E}.Release|x64.ActiveCfg = Release|Any CPU
		{4273BDBE-BF24-4BC3-A0B2-FD6ACCE3697E}.Release|x64.Build.0 = Release|Any CPU
		{4273BDBE-BF24-4BC3-A0B2-FD6ACCE3697E}.Release|x86.ActiveCfg = Release|Any CPU
		{4273BDBE-BF24-4BC3-A0B2-FD6ACCE3697E}.Release|x86.Build.0 = Release|Any CPU
		{F44EEEDC-4D97-4B07-8D7E-0309B8746005}.Debug|Any CPU.ActiveCfg = Debug|Any CPU
		{F44EEEDC-4D97-4B07-8D7E-0309B8746005}.Debug|Any CPU.Build.0 = Debug|Any CPU
		{F44EEEDC-4D97-4B07-8D7E-0309B8746005}.Debug|ARM.ActiveCfg = Debug|Any CPU
		{F44EEEDC-4D97-4B07-8D7E-0309B8746005}.Debug|ARM.Build.0 = Debug|Any CPU
		{F44EEEDC-4D97-4B07-8D7E-0309B8746005}.Debug|ARM64.ActiveCfg = Debug|Any CPU
		{F44EEEDC-4D97-4B07-8D7E-0309B8746005}.Debug|ARM64.Build.0 = Debug|Any CPU
		{F44EEEDC-4D97-4B07-8D7E-0309B8746005}.Debug|x64.ActiveCfg = Debug|Any CPU
		{F44EEEDC-4D97-4B07-8D7E-0309B8746005}.Debug|x64.Build.0 = Debug|Any CPU
		{F44EEEDC-4D97-4B07-8D7E-0309B8746005}.Debug|x86.ActiveCfg = Debug|Any CPU
		{F44EEEDC-4D97-4B07-8D7E-0309B8746005}.Debug|x86.Build.0 = Debug|Any CPU
		{F44EEEDC-4D97-4B07-8D7E-0309B8746005}.Release|Any CPU.ActiveCfg = Release|Any CPU
		{F44EEEDC-4D97-4B07-8D7E-0309B8746005}.Release|Any CPU.Build.0 = Release|Any CPU
		{F44EEEDC-4D97-4B07-8D7E-0309B8746005}.Release|ARM.ActiveCfg = Release|Any CPU
		{F44EEEDC-4D97-4B07-8D7E-0309B8746005}.Release|ARM.Build.0 = Release|Any CPU
		{F44EEEDC-4D97-4B07-8D7E-0309B8746005}.Release|ARM64.ActiveCfg = Release|Any CPU
		{F44EEEDC-4D97-4B07-8D7E-0309B8746005}.Release|ARM64.Build.0 = Release|Any CPU
		{F44EEEDC-4D97-4B07-8D7E-0309B8746005}.Release|x64.ActiveCfg = Release|Any CPU
		{F44EEEDC-4D97-4B07-8D7E-0309B8746005}.Release|x64.Build.0 = Release|Any CPU
		{F44EEEDC-4D97-4B07-8D7E-0309B8746005}.Release|x86.ActiveCfg = Release|Any CPU
		{F44EEEDC-4D97-4B07-8D7E-0309B8746005}.Release|x86.Build.0 = Release|Any CPU
	EndGlobalSection
	GlobalSection(SolutionProperties) = preSolution
		HideSolutionNode = FALSE
	EndGlobalSection
	GlobalSection(ExtensibilityGlobals) = postSolution
		SolutionGuid = {572654C1-4956-46CA-A8F0-ED37C16E2EC4}
	EndGlobalSection
EndGlobal
