
Microsoft Visual Studio Solution File, Format Version 12.00
# Visual Studio 15
VisualStudioVersion = 15.0.28307.645
MinimumVisualStudioVersion = 10.0.40219.1
Project("{FAE04EC0-301F-11D3-BF4B-00C04F79EFBC}") = "UwpApp", "UwpApp\UwpApp.csproj", "{9A0D70E5-4A36-4C64-8228-BCA53FAF4D05}"
EndProject
Project("{2150E333-8FDC-42A3-9474-1A3956D46DE8}") = "01 - Build and Configuration", "01 - Build and Configuration", "{5F80AFFC-C293-47DF-A014-CAF542DD2C77}"
	ProjectSection(SolutionItems) = preProject
		..\.editorconfig = ..\.editorconfig
		..\.gitattributes = ..\.gitattributes
		..\.gitignore = ..\.gitignore
		CodeMaid.config = CodeMaid.config
		Settings.XamlStyler = Settings.XamlStyler
	EndProjectSection
EndProject
Project("{9A19103F-16F7-4668-BE54-9A1E7A4F7556}") = "ViewModels", "ViewModels\ViewModels.csproj", "{23F522B7-EB71-4620-9EA9-F7671CC32075}"
EndProject
Project("{9A19103F-16F7-4668-BE54-9A1E7A4F7556}") = "ViewModelsTests", "ViewModelsTests\ViewModelsTests.csproj", "{4273BDBE-BF24-4BC3-A0B2-FD6ACCE3697E}"
EndProject
Project("{FAE04EC0-301F-11D3-BF4B-00C04F79EFBC}") = "DesktopServicesApp", "DesktopServicesApp\DesktopServicesApp.csproj", "{F44EEEDC-4D97-4B07-8D7E-0309B8746005}"
EndProject
Project("{C7167F0D-BC9F-4E6E-AFE1-012C56B48DB5}") = "Packaging", "Packaging\Packaging.wapproj", "{C2C9E254-6377-4ED1-94ED-B0CD39932ECF}"
EndProject
Project("{2150E333-8FDC-42A3-9474-1A3956D46DE8}") = "02 - View Layer (Apps)", "02 - View Layer (Apps)", "{B5D0ACD6-9B21-4F51-A5B9-9957FD79E0BF}"
EndProject
Project("{2150E333-8FDC-42A3-9474-1A3956D46DE8}") = "03 - ViewModel Layer", "03 - ViewModel Layer", "{B750A7DC-96BB-4476-BA39-65B5C2EFB7C7}"
EndProject
Project("{2150E333-8FDC-42A3-9474-1A3956D46DE8}") = "04 - Model Layer", "04 - Model Layer", "{D477A19A-73ED-4188-9CE0-58DA3CF3ED94}"
EndProject
Project("{2150E333-8FDC-42A3-9474-1A3956D46DE8}") = "05 - Services Layer", "05 - Services Layer", "{2BF5D3EE-6FB4-48E6-8B8C-7D8BA8D13B89}"
EndProject
Project("{2150E333-8FDC-42A3-9474-1A3956D46DE8}") = "00 - README and Documentation", "00 - README and Documentation", "{B14C7B72-E9FC-4149-A225-ADE03CC047D5}"
	ProjectSection(SolutionItems) = preProject
		..\docs\Design.md = ..\docs\Design.md
		..\README.md = ..\README.md
	EndProjectSection
EndProject
Project("{9A19103F-16F7-4668-BE54-9A1E7A4F7556}") = "Models", "Models\Models.csproj", "{FDFDEB10-F16D-4DB0-931C-A534582E5EEB}"
EndProject
Project("{9A19103F-16F7-4668-BE54-9A1E7A4F7556}") = "ModelsTests", "ModelsTests\ModelsTests.csproj", "{EE543D9E-7550-4B77-B68A-02CA81C3EB37}"
EndProject
Project("{2150E333-8FDC-42A3-9474-1A3956D46DE8}") = "06 - Shared Layer", "06 - Shared Layer", "{B062C257-F309-4A10-8AAA-A37B0F62AB36}"
EndProject
Project("{9A19103F-16F7-4668-BE54-9A1E7A4F7556}") = "Shared", "Shared\Shared.csproj", "{3399F211-A529-4C52-9325-E820ADD46A12}"
EndProject
Project("{9A19103F-16F7-4668-BE54-9A1E7A4F7556}") = "ServiceContracts", "ServiceContracts\ServiceContracts.csproj", "{9B501D31-6520-48C6-9C38-443D5478C466}"
EndProject
Project("{9A19103F-16F7-4668-BE54-9A1E7A4F7556}") = "SharedTests", "SharedTests\SharedTests.csproj", "{86D5A757-4996-4091-A34B-7158EDAF5D50}"
EndProject
Project("{FAE04EC0-301F-11D3-BF4B-00C04F79EFBC}") = "ElevatedDesktopServicesApp", "ElevatedDesktopServicesApp\ElevatedDesktopServicesApp.csproj", "{2D230B1A-DFB7-4B93-AC39-C5A3D9374909}"
EndProject
Project("{FAE04EC0-301F-11D3-BF4B-00C04F79EFBC}") = "SharedWin32", "SharedWin32\SharedWin32.csproj", "{EDEFAC45-4C0D-4397-8C06-83CCC44E0A90}"
EndProject
Project("{FAE04EC0-301F-11D3-BF4B-00C04F79EFBC}") = "SharedWin32Tests", "SharedWin32Tests\SharedWin32Tests.csproj", "{F2DBABC7-4FA5-4F22-ADEB-E52D0EC64A3E}"
EndProject
Project("{FAE04EC0-301F-11D3-BF4B-00C04F79EFBC}") = "ElevatedDesktopServicesAppTests", "ElevatedDesktopServicesAppTests\ElevatedDesktopServicesAppTests.csproj", "{F770C6DF-FB38-404C-8BD4-77C27E3C2897}"
EndProject
Global
	GlobalSection(SolutionConfigurationPlatforms) = preSolution
		Debug|Any CPU = Debug|Any CPU
		Debug|ARM = Debug|ARM
		Debug|ARM64 = Debug|ARM64
		Debug|x64 = Debug|x64
		Debug|x86 = Debug|x86
		Release|Any CPU = Release|Any CPU
		Release|ARM = Release|ARM
		Release|ARM64 = Release|ARM64
		Release|x64 = Release|x64
		Release|x86 = Release|x86
	EndGlobalSection
	GlobalSection(ProjectConfigurationPlatforms) = postSolution
		{9A0D70E5-4A36-4C64-8228-BCA53FAF4D05}.Debug|Any CPU.ActiveCfg = Debug|x86
		{9A0D70E5-4A36-4C64-8228-BCA53FAF4D05}.Debug|ARM.ActiveCfg = Debug|ARM
		{9A0D70E5-4A36-4C64-8228-BCA53FAF4D05}.Debug|ARM.Build.0 = Debug|ARM
		{9A0D70E5-4A36-4C64-8228-BCA53FAF4D05}.Debug|ARM.Deploy.0 = Debug|ARM
		{9A0D70E5-4A36-4C64-8228-BCA53FAF4D05}.Debug|ARM64.ActiveCfg = Debug|ARM64
		{9A0D70E5-4A36-4C64-8228-BCA53FAF4D05}.Debug|ARM64.Build.0 = Debug|ARM64
		{9A0D70E5-4A36-4C64-8228-BCA53FAF4D05}.Debug|ARM64.Deploy.0 = Debug|ARM64
		{9A0D70E5-4A36-4C64-8228-BCA53FAF4D05}.Debug|x64.ActiveCfg = Debug|x64
		{9A0D70E5-4A36-4C64-8228-BCA53FAF4D05}.Debug|x64.Build.0 = Debug|x64
		{9A0D70E5-4A36-4C64-8228-BCA53FAF4D05}.Debug|x86.ActiveCfg = Debug|x86
		{9A0D70E5-4A36-4C64-8228-BCA53FAF4D05}.Debug|x86.Build.0 = Debug|x86
		{9A0D70E5-4A36-4C64-8228-BCA53FAF4D05}.Debug|x86.Deploy.0 = Debug|x86
		{9A0D70E5-4A36-4C64-8228-BCA53FAF4D05}.Release|Any CPU.ActiveCfg = Release|x86
		{9A0D70E5-4A36-4C64-8228-BCA53FAF4D05}.Release|ARM.ActiveCfg = Release|ARM
		{9A0D70E5-4A36-4C64-8228-BCA53FAF4D05}.Release|ARM.Build.0 = Release|ARM
		{9A0D70E5-4A36-4C64-8228-BCA53FAF4D05}.Release|ARM.Deploy.0 = Release|ARM
		{9A0D70E5-4A36-4C64-8228-BCA53FAF4D05}.Release|ARM64.ActiveCfg = Release|ARM64
		{9A0D70E5-4A36-4C64-8228-BCA53FAF4D05}.Release|ARM64.Build.0 = Release|ARM64
		{9A0D70E5-4A36-4C64-8228-BCA53FAF4D05}.Release|ARM64.Deploy.0 = Release|ARM64
		{9A0D70E5-4A36-4C64-8228-BCA53FAF4D05}.Release|x64.ActiveCfg = Release|x64
		{9A0D70E5-4A36-4C64-8228-BCA53FAF4D05}.Release|x64.Build.0 = Release|x64
		{9A0D70E5-4A36-4C64-8228-BCA53FAF4D05}.Release|x64.Deploy.0 = Release|x64
		{9A0D70E5-4A36-4C64-8228-BCA53FAF4D05}.Release|x86.ActiveCfg = Release|x86
		{9A0D70E5-4A36-4C64-8228-BCA53FAF4D05}.Release|x86.Build.0 = Release|x86
		{9A0D70E5-4A36-4C64-8228-BCA53FAF4D05}.Release|x86.Deploy.0 = Release|x86
		{23F522B7-EB71-4620-9EA9-F7671CC32075}.Debug|Any CPU.ActiveCfg = Debug|Any CPU
		{23F522B7-EB71-4620-9EA9-F7671CC32075}.Debug|Any CPU.Build.0 = Debug|Any CPU
		{23F522B7-EB71-4620-9EA9-F7671CC32075}.Debug|ARM.ActiveCfg = Debug|Any CPU
		{23F522B7-EB71-4620-9EA9-F7671CC32075}.Debug|ARM.Build.0 = Debug|Any CPU
		{23F522B7-EB71-4620-9EA9-F7671CC32075}.Debug|ARM64.ActiveCfg = Debug|Any CPU
		{23F522B7-EB71-4620-9EA9-F7671CC32075}.Debug|ARM64.Build.0 = Debug|Any CPU
		{23F522B7-EB71-4620-9EA9-F7671CC32075}.Debug|x64.ActiveCfg = Debug|Any CPU
		{23F522B7-EB71-4620-9EA9-F7671CC32075}.Debug|x64.Build.0 = Debug|Any CPU
		{23F522B7-EB71-4620-9EA9-F7671CC32075}.Debug|x86.ActiveCfg = Debug|Any CPU
		{23F522B7-EB71-4620-9EA9-F7671CC32075}.Debug|x86.Build.0 = Debug|Any CPU
		{23F522B7-EB71-4620-9EA9-F7671CC32075}.Release|Any CPU.ActiveCfg = Release|Any CPU
		{23F522B7-EB71-4620-9EA9-F7671CC32075}.Release|Any CPU.Build.0 = Release|Any CPU
		{23F522B7-EB71-4620-9EA9-F7671CC32075}.Release|ARM.ActiveCfg = Release|Any CPU
		{23F522B7-EB71-4620-9EA9-F7671CC32075}.Release|ARM.Build.0 = Release|Any CPU
		{23F522B7-EB71-4620-9EA9-F7671CC32075}.Release|ARM64.ActiveCfg = Release|Any CPU
		{23F522B7-EB71-4620-9EA9-F7671CC32075}.Release|ARM64.Build.0 = Release|Any CPU
		{23F522B7-EB71-4620-9EA9-F7671CC32075}.Release|x64.ActiveCfg = Release|Any CPU
		{23F522B7-EB71-4620-9EA9-F7671CC32075}.Release|x64.Build.0 = Release|Any CPU
		{23F522B7-EB71-4620-9EA9-F7671CC32075}.Release|x86.ActiveCfg = Release|Any CPU
		{23F522B7-EB71-4620-9EA9-F7671CC32075}.Release|x86.Build.0 = Release|Any CPU
		{4273BDBE-BF24-4BC3-A0B2-FD6ACCE3697E}.Debug|Any CPU.ActiveCfg = Debug|Any CPU
		{4273BDBE-BF24-4BC3-A0B2-FD6ACCE3697E}.Debug|Any CPU.Build.0 = Debug|Any CPU
		{4273BDBE-BF24-4BC3-A0B2-FD6ACCE3697E}.Debug|ARM.ActiveCfg = Debug|Any CPU
		{4273BDBE-BF24-4BC3-A0B2-FD6ACCE3697E}.Debug|ARM.Build.0 = Debug|Any CPU
		{4273BDBE-BF24-4BC3-A0B2-FD6ACCE3697E}.Debug|ARM64.ActiveCfg = Debug|Any CPU
		{4273BDBE-BF24-4BC3-A0B2-FD6ACCE3697E}.Debug|ARM64.Build.0 = Debug|Any CPU
		{4273BDBE-BF24-4BC3-A0B2-FD6ACCE3697E}.Debug|x64.ActiveCfg = Debug|Any CPU
		{4273BDBE-BF24-4BC3-A0B2-FD6ACCE3697E}.Debug|x64.Build.0 = Debug|Any CPU
		{4273BDBE-BF24-4BC3-A0B2-FD6ACCE3697E}.Debug|x86.ActiveCfg = Debug|Any CPU
		{4273BDBE-BF24-4BC3-A0B2-FD6ACCE3697E}.Debug|x86.Build.0 = Debug|Any CPU
		{4273BDBE-BF24-4BC3-A0B2-FD6ACCE3697E}.Release|Any CPU.ActiveCfg = Release|Any CPU
		{4273BDBE-BF24-4BC3-A0B2-FD6ACCE3697E}.Release|Any CPU.Build.0 = Release|Any CPU
		{4273BDBE-BF24-4BC3-A0B2-FD6ACCE3697E}.Release|ARM.ActiveCfg = Release|Any CPU
		{4273BDBE-BF24-4BC3-A0B2-FD6ACCE3697E}.Release|ARM.Build.0 = Release|Any CPU
		{4273BDBE-BF24-4BC3-A0B2-FD6ACCE3697E}.Release|ARM64.ActiveCfg = Release|Any CPU
		{4273BDBE-BF24-4BC3-A0B2-FD6ACCE3697E}.Release|ARM64.Build.0 = Release|Any CPU
		{4273BDBE-BF24-4BC3-A0B2-FD6ACCE3697E}.Release|x64.ActiveCfg = Release|Any CPU
		{4273BDBE-BF24-4BC3-A0B2-FD6ACCE3697E}.Release|x64.Build.0 = Release|Any CPU
		{4273BDBE-BF24-4BC3-A0B2-FD6ACCE3697E}.Release|x86.ActiveCfg = Release|Any CPU
		{4273BDBE-BF24-4BC3-A0B2-FD6ACCE3697E}.Release|x86.Build.0 = Release|Any CPU
		{F44EEEDC-4D97-4B07-8D7E-0309B8746005}.Debug|Any CPU.ActiveCfg = Debug|Any CPU
		{F44EEEDC-4D97-4B07-8D7E-0309B8746005}.Debug|Any CPU.Build.0 = Debug|Any CPU
		{F44EEEDC-4D97-4B07-8D7E-0309B8746005}.Debug|ARM.ActiveCfg = Debug|Any CPU
		{F44EEEDC-4D97-4B07-8D7E-0309B8746005}.Debug|ARM.Build.0 = Debug|Any CPU
		{F44EEEDC-4D97-4B07-8D7E-0309B8746005}.Debug|ARM64.ActiveCfg = Debug|Any CPU
		{F44EEEDC-4D97-4B07-8D7E-0309B8746005}.Debug|ARM64.Build.0 = Debug|Any CPU
		{F44EEEDC-4D97-4B07-8D7E-0309B8746005}.Debug|x64.ActiveCfg = Debug|Any CPU
		{F44EEEDC-4D97-4B07-8D7E-0309B8746005}.Debug|x64.Build.0 = Debug|Any CPU
		{F44EEEDC-4D97-4B07-8D7E-0309B8746005}.Debug|x86.ActiveCfg = Debug|Any CPU
		{F44EEEDC-4D97-4B07-8D7E-0309B8746005}.Debug|x86.Build.0 = Debug|Any CPU
		{F44EEEDC-4D97-4B07-8D7E-0309B8746005}.Release|Any CPU.ActiveCfg = Release|Any CPU
		{F44EEEDC-4D97-4B07-8D7E-0309B8746005}.Release|Any CPU.Build.0 = Release|Any CPU
		{F44EEEDC-4D97-4B07-8D7E-0309B8746005}.Release|ARM.ActiveCfg = Release|Any CPU
		{F44EEEDC-4D97-4B07-8D7E-0309B8746005}.Release|ARM.Build.0 = Release|Any CPU
		{F44EEEDC-4D97-4B07-8D7E-0309B8746005}.Release|ARM64.ActiveCfg = Release|Any CPU
		{F44EEEDC-4D97-4B07-8D7E-0309B8746005}.Release|ARM64.Build.0 = Release|Any CPU
		{F44EEEDC-4D97-4B07-8D7E-0309B8746005}.Release|x64.ActiveCfg = Release|Any CPU
		{F44EEEDC-4D97-4B07-8D7E-0309B8746005}.Release|x64.Build.0 = Release|Any CPU
		{F44EEEDC-4D97-4B07-8D7E-0309B8746005}.Release|x86.ActiveCfg = Release|Any CPU
		{F44EEEDC-4D97-4B07-8D7E-0309B8746005}.Release|x86.Build.0 = Release|Any CPU
		{C2C9E254-6377-4ED1-94ED-B0CD39932ECF}.Debug|Any CPU.ActiveCfg = Debug|x86
		{C2C9E254-6377-4ED1-94ED-B0CD39932ECF}.Debug|ARM.ActiveCfg = Debug|Any CPU
		{C2C9E254-6377-4ED1-94ED-B0CD39932ECF}.Debug|ARM.Build.0 = Debug|Any CPU
		{C2C9E254-6377-4ED1-94ED-B0CD39932ECF}.Debug|ARM.Deploy.0 = Debug|Any CPU
		{C2C9E254-6377-4ED1-94ED-B0CD39932ECF}.Debug|ARM64.ActiveCfg = Debug|Any CPU
		{C2C9E254-6377-4ED1-94ED-B0CD39932ECF}.Debug|ARM64.Build.0 = Debug|Any CPU
		{C2C9E254-6377-4ED1-94ED-B0CD39932ECF}.Debug|ARM64.Deploy.0 = Debug|Any CPU
		{C2C9E254-6377-4ED1-94ED-B0CD39932ECF}.Debug|x64.ActiveCfg = Debug|x64
		{C2C9E254-6377-4ED1-94ED-B0CD39932ECF}.Debug|x64.Build.0 = Debug|x64
		{C2C9E254-6377-4ED1-94ED-B0CD39932ECF}.Debug|x64.Deploy.0 = Debug|x64
		{C2C9E254-6377-4ED1-94ED-B0CD39932ECF}.Debug|x86.ActiveCfg = Debug|x86
		{C2C9E254-6377-4ED1-94ED-B0CD39932ECF}.Debug|x86.Build.0 = Debug|x86
		{C2C9E254-6377-4ED1-94ED-B0CD39932ECF}.Debug|x86.Deploy.0 = Debug|x86
		{C2C9E254-6377-4ED1-94ED-B0CD39932ECF}.Release|Any CPU.ActiveCfg = Release|Any CPU
		{C2C9E254-6377-4ED1-94ED-B0CD39932ECF}.Release|Any CPU.Build.0 = Release|Any CPU
		{C2C9E254-6377-4ED1-94ED-B0CD39932ECF}.Release|Any CPU.Deploy.0 = Release|Any CPU
		{C2C9E254-6377-4ED1-94ED-B0CD39932ECF}.Release|ARM.ActiveCfg = Release|Any CPU
		{C2C9E254-6377-4ED1-94ED-B0CD39932ECF}.Release|ARM.Build.0 = Release|Any CPU
		{C2C9E254-6377-4ED1-94ED-B0CD39932ECF}.Release|ARM.Deploy.0 = Release|Any CPU
		{C2C9E254-6377-4ED1-94ED-B0CD39932ECF}.Release|ARM64.ActiveCfg = Release|Any CPU
		{C2C9E254-6377-4ED1-94ED-B0CD39932ECF}.Release|ARM64.Build.0 = Release|Any CPU
		{C2C9E254-6377-4ED1-94ED-B0CD39932ECF}.Release|ARM64.Deploy.0 = Release|Any CPU
		{C2C9E254-6377-4ED1-94ED-B0CD39932ECF}.Release|x64.ActiveCfg = Release|x64
		{C2C9E254-6377-4ED1-94ED-B0CD39932ECF}.Release|x64.Build.0 = Release|x64
		{C2C9E254-6377-4ED1-94ED-B0CD39932ECF}.Release|x64.Deploy.0 = Release|x64
		{C2C9E254-6377-4ED1-94ED-B0CD39932ECF}.Release|x86.ActiveCfg = Release|x86
		{C2C9E254-6377-4ED1-94ED-B0CD39932ECF}.Release|x86.Build.0 = Release|x86
		{C2C9E254-6377-4ED1-94ED-B0CD39932ECF}.Release|x86.Deploy.0 = Release|x86
		{FDFDEB10-F16D-4DB0-931C-A534582E5EEB}.Debug|Any CPU.ActiveCfg = Debug|Any CPU
		{FDFDEB10-F16D-4DB0-931C-A534582E5EEB}.Debug|Any CPU.Build.0 = Debug|Any CPU
		{FDFDEB10-F16D-4DB0-931C-A534582E5EEB}.Debug|ARM.ActiveCfg = Debug|Any CPU
		{FDFDEB10-F16D-4DB0-931C-A534582E5EEB}.Debug|ARM.Build.0 = Debug|Any CPU
		{FDFDEB10-F16D-4DB0-931C-A534582E5EEB}.Debug|ARM64.ActiveCfg = Debug|Any CPU
		{FDFDEB10-F16D-4DB0-931C-A534582E5EEB}.Debug|ARM64.Build.0 = Debug|Any CPU
		{FDFDEB10-F16D-4DB0-931C-A534582E5EEB}.Debug|x64.ActiveCfg = Debug|Any CPU
		{FDFDEB10-F16D-4DB0-931C-A534582E5EEB}.Debug|x64.Build.0 = Debug|Any CPU
		{FDFDEB10-F16D-4DB0-931C-A534582E5EEB}.Debug|x86.ActiveCfg = Debug|Any CPU
		{FDFDEB10-F16D-4DB0-931C-A534582E5EEB}.Debug|x86.Build.0 = Debug|Any CPU
		{FDFDEB10-F16D-4DB0-931C-A534582E5EEB}.Release|Any CPU.ActiveCfg = Release|Any CPU
		{FDFDEB10-F16D-4DB0-931C-A534582E5EEB}.Release|Any CPU.Build.0 = Release|Any CPU
		{FDFDEB10-F16D-4DB0-931C-A534582E5EEB}.Release|ARM.ActiveCfg = Release|Any CPU
		{FDFDEB10-F16D-4DB0-931C-A534582E5EEB}.Release|ARM.Build.0 = Release|Any CPU
		{FDFDEB10-F16D-4DB0-931C-A534582E5EEB}.Release|ARM64.ActiveCfg = Release|Any CPU
		{FDFDEB10-F16D-4DB0-931C-A534582E5EEB}.Release|ARM64.Build.0 = Release|Any CPU
		{FDFDEB10-F16D-4DB0-931C-A534582E5EEB}.Release|x64.ActiveCfg = Release|Any CPU
		{FDFDEB10-F16D-4DB0-931C-A534582E5EEB}.Release|x64.Build.0 = Release|Any CPU
		{FDFDEB10-F16D-4DB0-931C-A534582E5EEB}.Release|x86.ActiveCfg = Release|Any CPU
		{FDFDEB10-F16D-4DB0-931C-A534582E5EEB}.Release|x86.Build.0 = Release|Any CPU
		{EE543D9E-7550-4B77-B68A-02CA81C3EB37}.Debug|Any CPU.ActiveCfg = Debug|Any CPU
		{EE543D9E-7550-4B77-B68A-02CA81C3EB37}.Debug|Any CPU.Build.0 = Debug|Any CPU
		{EE543D9E-7550-4B77-B68A-02CA81C3EB37}.Debug|ARM.ActiveCfg = Debug|Any CPU
		{EE543D9E-7550-4B77-B68A-02CA81C3EB37}.Debug|ARM.Build.0 = Debug|Any CPU
		{EE543D9E-7550-4B77-B68A-02CA81C3EB37}.Debug|ARM64.ActiveCfg = Debug|Any CPU
		{EE543D9E-7550-4B77-B68A-02CA81C3EB37}.Debug|ARM64.Build.0 = Debug|Any CPU
		{EE543D9E-7550-4B77-B68A-02CA81C3EB37}.Debug|x64.ActiveCfg = Debug|Any CPU
		{EE543D9E-7550-4B77-B68A-02CA81C3EB37}.Debug|x64.Build.0 = Debug|Any CPU
		{EE543D9E-7550-4B77-B68A-02CA81C3EB37}.Debug|x86.ActiveCfg = Debug|Any CPU
		{EE543D9E-7550-4B77-B68A-02CA81C3EB37}.Debug|x86.Build.0 = Debug|Any CPU
		{EE543D9E-7550-4B77-B68A-02CA81C3EB37}.Release|Any CPU.ActiveCfg = Release|Any CPU
		{EE543D9E-7550-4B77-B68A-02CA81C3EB37}.Release|Any CPU.Build.0 = Release|Any CPU
		{EE543D9E-7550-4B77-B68A-02CA81C3EB37}.Release|ARM.ActiveCfg = Release|Any CPU
		{EE543D9E-7550-4B77-B68A-02CA81C3EB37}.Release|ARM.Build.0 = Release|Any CPU
		{EE543D9E-7550-4B77-B68A-02CA81C3EB37}.Release|ARM64.ActiveCfg = Release|Any CPU
		{EE543D9E-7550-4B77-B68A-02CA81C3EB37}.Release|ARM64.Build.0 = Release|Any CPU
		{EE543D9E-7550-4B77-B68A-02CA81C3EB37}.Release|x64.ActiveCfg = Release|Any CPU
		{EE543D9E-7550-4B77-B68A-02CA81C3EB37}.Release|x64.Build.0 = Release|Any CPU
		{EE543D9E-7550-4B77-B68A-02CA81C3EB37}.Release|x86.ActiveCfg = Release|Any CPU
		{EE543D9E-7550-4B77-B68A-02CA81C3EB37}.Release|x86.Build.0 = Release|Any CPU
		{3399F211-A529-4C52-9325-E820ADD46A12}.Debug|Any CPU.ActiveCfg = Debug|Any CPU
		{3399F211-A529-4C52-9325-E820ADD46A12}.Debug|Any CPU.Build.0 = Debug|Any CPU
		{3399F211-A529-4C52-9325-E820ADD46A12}.Debug|ARM.ActiveCfg = Debug|Any CPU
		{3399F211-A529-4C52-9325-E820ADD46A12}.Debug|ARM.Build.0 = Debug|Any CPU
		{3399F211-A529-4C52-9325-E820ADD46A12}.Debug|ARM64.ActiveCfg = Debug|Any CPU
		{3399F211-A529-4C52-9325-E820ADD46A12}.Debug|ARM64.Build.0 = Debug|Any CPU
		{3399F211-A529-4C52-9325-E820ADD46A12}.Debug|x64.ActiveCfg = Debug|Any CPU
		{3399F211-A529-4C52-9325-E820ADD46A12}.Debug|x64.Build.0 = Debug|Any CPU
		{3399F211-A529-4C52-9325-E820ADD46A12}.Debug|x86.ActiveCfg = Debug|Any CPU
		{3399F211-A529-4C52-9325-E820ADD46A12}.Debug|x86.Build.0 = Debug|Any CPU
		{3399F211-A529-4C52-9325-E820ADD46A12}.Release|Any CPU.ActiveCfg = Release|Any CPU
		{3399F211-A529-4C52-9325-E820ADD46A12}.Release|Any CPU.Build.0 = Release|Any CPU
		{3399F211-A529-4C52-9325-E820ADD46A12}.Release|ARM.ActiveCfg = Release|Any CPU
		{3399F211-A529-4C52-9325-E820ADD46A12}.Release|ARM.Build.0 = Release|Any CPU
		{3399F211-A529-4C52-9325-E820ADD46A12}.Release|ARM64.ActiveCfg = Release|Any CPU
		{3399F211-A529-4C52-9325-E820ADD46A12}.Release|ARM64.Build.0 = Release|Any CPU
		{3399F211-A529-4C52-9325-E820ADD46A12}.Release|x64.ActiveCfg = Release|Any CPU
		{3399F211-A529-4C52-9325-E820ADD46A12}.Release|x64.Build.0 = Release|Any CPU
		{3399F211-A529-4C52-9325-E820ADD46A12}.Release|x86.ActiveCfg = Release|Any CPU
		{3399F211-A529-4C52-9325-E820ADD46A12}.Release|x86.Build.0 = Release|Any CPU
		{9B501D31-6520-48C6-9C38-443D5478C466}.Debug|Any CPU.ActiveCfg = Debug|Any CPU
		{9B501D31-6520-48C6-9C38-443D5478C466}.Debug|Any CPU.Build.0 = Debug|Any CPU
		{9B501D31-6520-48C6-9C38-443D5478C466}.Debug|ARM.ActiveCfg = Debug|Any CPU
		{9B501D31-6520-48C6-9C38-443D5478C466}.Debug|ARM.Build.0 = Debug|Any CPU
		{9B501D31-6520-48C6-9C38-443D5478C466}.Debug|ARM64.ActiveCfg = Debug|Any CPU
		{9B501D31-6520-48C6-9C38-443D5478C466}.Debug|ARM64.Build.0 = Debug|Any CPU
		{9B501D31-6520-48C6-9C38-443D5478C466}.Debug|x64.ActiveCfg = Debug|Any CPU
		{9B501D31-6520-48C6-9C38-443D5478C466}.Debug|x64.Build.0 = Debug|Any CPU
		{9B501D31-6520-48C6-9C38-443D5478C466}.Debug|x86.ActiveCfg = Debug|Any CPU
		{9B501D31-6520-48C6-9C38-443D5478C466}.Debug|x86.Build.0 = Debug|Any CPU
		{9B501D31-6520-48C6-9C38-443D5478C466}.Release|Any CPU.ActiveCfg = Release|Any CPU
		{9B501D31-6520-48C6-9C38-443D5478C466}.Release|Any CPU.Build.0 = Release|Any CPU
		{9B501D31-6520-48C6-9C38-443D5478C466}.Release|ARM.ActiveCfg = Release|Any CPU
		{9B501D31-6520-48C6-9C38-443D5478C466}.Release|ARM.Build.0 = Release|Any CPU
		{9B501D31-6520-48C6-9C38-443D5478C466}.Release|ARM64.ActiveCfg = Release|Any CPU
		{9B501D31-6520-48C6-9C38-443D5478C466}.Release|ARM64.Build.0 = Release|Any CPU
		{9B501D31-6520-48C6-9C38-443D5478C466}.Release|x64.ActiveCfg = Release|Any CPU
		{9B501D31-6520-48C6-9C38-443D5478C466}.Release|x64.Build.0 = Release|Any CPU
		{9B501D31-6520-48C6-9C38-443D5478C466}.Release|x86.ActiveCfg = Release|Any CPU
		{9B501D31-6520-48C6-9C38-443D5478C466}.Release|x86.Build.0 = Release|Any CPU
		{86D5A757-4996-4091-A34B-7158EDAF5D50}.Debug|Any CPU.ActiveCfg = Debug|Any CPU
		{86D5A757-4996-4091-A34B-7158EDAF5D50}.Debug|Any CPU.Build.0 = Debug|Any CPU
		{86D5A757-4996-4091-A34B-7158EDAF5D50}.Debug|ARM.ActiveCfg = Debug|Any CPU
		{86D5A757-4996-4091-A34B-7158EDAF5D50}.Debug|ARM.Build.0 = Debug|Any CPU
		{86D5A757-4996-4091-A34B-7158EDAF5D50}.Debug|ARM64.ActiveCfg = Debug|Any CPU
		{86D5A757-4996-4091-A34B-7158EDAF5D50}.Debug|ARM64.Build.0 = Debug|Any CPU
		{86D5A757-4996-4091-A34B-7158EDAF5D50}.Debug|x64.ActiveCfg = Debug|Any CPU
		{86D5A757-4996-4091-A34B-7158EDAF5D50}.Debug|x64.Build.0 = Debug|Any CPU
		{86D5A757-4996-4091-A34B-7158EDAF5D50}.Debug|x86.ActiveCfg = Debug|Any CPU
		{86D5A757-4996-4091-A34B-7158EDAF5D50}.Debug|x86.Build.0 = Debug|Any CPU
		{86D5A757-4996-4091-A34B-7158EDAF5D50}.Release|Any CPU.ActiveCfg = Release|Any CPU
		{86D5A757-4996-4091-A34B-7158EDAF5D50}.Release|Any CPU.Build.0 = Release|Any CPU
		{86D5A757-4996-4091-A34B-7158EDAF5D50}.Release|ARM.ActiveCfg = Release|Any CPU
		{86D5A757-4996-4091-A34B-7158EDAF5D50}.Release|ARM.Build.0 = Release|Any CPU
		{86D5A757-4996-4091-A34B-7158EDAF5D50}.Release|ARM64.ActiveCfg = Release|Any CPU
		{86D5A757-4996-4091-A34B-7158EDAF5D50}.Release|ARM64.Build.0 = Release|Any CPU
		{86D5A757-4996-4091-A34B-7158EDAF5D50}.Release|x64.ActiveCfg = Release|Any CPU
		{86D5A757-4996-4091-A34B-7158EDAF5D50}.Release|x64.Build.0 = Release|Any CPU
		{86D5A757-4996-4091-A34B-7158EDAF5D50}.Release|x86.ActiveCfg = Release|Any CPU
		{86D5A757-4996-4091-A34B-7158EDAF5D50}.Release|x86.Build.0 = Release|Any CPU
		{2D230B1A-DFB7-4B93-AC39-C5A3D9374909}.Debug|Any CPU.ActiveCfg = Debug|Any CPU
		{2D230B1A-DFB7-4B93-AC39-C5A3D9374909}.Debug|Any CPU.Build.0 = Debug|Any CPU
		{2D230B1A-DFB7-4B93-AC39-C5A3D9374909}.Debug|ARM.ActiveCfg = Debug|Any CPU
		{2D230B1A-DFB7-4B93-AC39-C5A3D9374909}.Debug|ARM.Build.0 = Debug|Any CPU
		{2D230B1A-DFB7-4B93-AC39-C5A3D9374909}.Debug|ARM64.ActiveCfg = Debug|Any CPU
		{2D230B1A-DFB7-4B93-AC39-C5A3D9374909}.Debug|ARM64.Build.0 = Debug|Any CPU
		{2D230B1A-DFB7-4B93-AC39-C5A3D9374909}.Debug|x64.ActiveCfg = Debug|Any CPU
		{2D230B1A-DFB7-4B93-AC39-C5A3D9374909}.Debug|x64.Build.0 = Debug|Any CPU
		{2D230B1A-DFB7-4B93-AC39-C5A3D9374909}.Debug|x86.ActiveCfg = Debug|Any CPU
		{2D230B1A-DFB7-4B93-AC39-C5A3D9374909}.Debug|x86.Build.0 = Debug|Any CPU
		{2D230B1A-DFB7-4B93-AC39-C5A3D9374909}.Release|Any CPU.ActiveCfg = Release|Any CPU
		{2D230B1A-DFB7-4B93-AC39-C5A3D9374909}.Release|Any CPU.Build.0 = Release|Any CPU
		{2D230B1A-DFB7-4B93-AC39-C5A3D9374909}.Release|ARM.ActiveCfg = Release|Any CPU
		{2D230B1A-DFB7-4B93-AC39-C5A3D9374909}.Release|ARM.Build.0 = Release|Any CPU
		{2D230B1A-DFB7-4B93-AC39-C5A3D9374909}.Release|ARM64.ActiveCfg = Release|Any CPU
		{2D230B1A-DFB7-4B93-AC39-C5A3D9374909}.Release|ARM64.Build.0 = Release|Any CPU
		{2D230B1A-DFB7-4B93-AC39-C5A3D9374909}.Release|x64.ActiveCfg = Release|Any CPU
		{2D230B1A-DFB7-4B93-AC39-C5A3D9374909}.Release|x64.Build.0 = Release|Any CPU
		{2D230B1A-DFB7-4B93-AC39-C5A3D9374909}.Release|x86.ActiveCfg = Release|Any CPU
		{2D230B1A-DFB7-4B93-AC39-C5A3D9374909}.Release|x86.Build.0 = Release|Any CPU
		{EDEFAC45-4C0D-4397-8C06-83CCC44E0A90}.Debug|Any CPU.ActiveCfg = Debug|Any CPU
		{EDEFAC45-4C0D-4397-8C06-83CCC44E0A90}.Debug|Any CPU.Build.0 = Debug|Any CPU
		{EDEFAC45-4C0D-4397-8C06-83CCC44E0A90}.Debug|ARM.ActiveCfg = Debug|Any CPU
		{EDEFAC45-4C0D-4397-8C06-83CCC44E0A90}.Debug|ARM.Build.0 = Debug|Any CPU
		{EDEFAC45-4C0D-4397-8C06-83CCC44E0A90}.Debug|ARM64.ActiveCfg = Debug|Any CPU
		{EDEFAC45-4C0D-4397-8C06-83CCC44E0A90}.Debug|ARM64.Build.0 = Debug|Any CPU
		{EDEFAC45-4C0D-4397-8C06-83CCC44E0A90}.Debug|x64.ActiveCfg = Debug|Any CPU
		{EDEFAC45-4C0D-4397-8C06-83CCC44E0A90}.Debug|x64.Build.0 = Debug|Any CPU
		{EDEFAC45-4C0D-4397-8C06-83CCC44E0A90}.Debug|x86.ActiveCfg = Debug|Any CPU
		{EDEFAC45-4C0D-4397-8C06-83CCC44E0A90}.Debug|x86.Build.0 = Debug|Any CPU
		{EDEFAC45-4C0D-4397-8C06-83CCC44E0A90}.Release|Any CPU.ActiveCfg = Release|Any CPU
		{EDEFAC45-4C0D-4397-8C06-83CCC44E0A90}.Release|Any CPU.Build.0 = Release|Any CPU
		{EDEFAC45-4C0D-4397-8C06-83CCC44E0A90}.Release|ARM.ActiveCfg = Release|Any CPU
		{EDEFAC45-4C0D-4397-8C06-83CCC44E0A90}.Release|ARM.Build.0 = Release|Any CPU
		{EDEFAC45-4C0D-4397-8C06-83CCC44E0A90}.Release|ARM64.ActiveCfg = Release|Any CPU
		{EDEFAC45-4C0D-4397-8C06-83CCC44E0A90}.Release|ARM64.Build.0 = Release|Any CPU
		{EDEFAC45-4C0D-4397-8C06-83CCC44E0A90}.Release|x64.ActiveCfg = Release|Any CPU
		{EDEFAC45-4C0D-4397-8C06-83CCC44E0A90}.Release|x64.Build.0 = Release|Any CPU
		{EDEFAC45-4C0D-4397-8C06-83CCC44E0A90}.Release|x86.ActiveCfg = Release|Any CPU
		{EDEFAC45-4C0D-4397-8C06-83CCC44E0A90}.Release|x86.Build.0 = Release|Any CPU
		{F2DBABC7-4FA5-4F22-ADEB-E52D0EC64A3E}.Debug|Any CPU.ActiveCfg = Debug|Any CPU
		{F2DBABC7-4FA5-4F22-ADEB-E52D0EC64A3E}.Debug|Any CPU.Build.0 = Debug|Any CPU
		{F2DBABC7-4FA5-4F22-ADEB-E52D0EC64A3E}.Debug|ARM.ActiveCfg = Debug|Any CPU
		{F2DBABC7-4FA5-4F22-ADEB-E52D0EC64A3E}.Debug|ARM.Build.0 = Debug|Any CPU
		{F2DBABC7-4FA5-4F22-ADEB-E52D0EC64A3E}.Debug|ARM64.ActiveCfg = Debug|Any CPU
		{F2DBABC7-4FA5-4F22-ADEB-E52D0EC64A3E}.Debug|ARM64.Build.0 = Debug|Any CPU
		{F2DBABC7-4FA5-4F22-ADEB-E52D0EC64A3E}.Debug|x64.ActiveCfg = Debug|Any CPU
		{F2DBABC7-4FA5-4F22-ADEB-E52D0EC64A3E}.Debug|x64.Build.0 = Debug|Any CPU
		{F2DBABC7-4FA5-4F22-ADEB-E52D0EC64A3E}.Debug|x86.ActiveCfg = Debug|Any CPU
		{F2DBABC7-4FA5-4F22-ADEB-E52D0EC64A3E}.Debug|x86.Build.0 = Debug|Any CPU
		{F2DBABC7-4FA5-4F22-ADEB-E52D0EC64A3E}.Release|Any CPU.ActiveCfg = Release|Any CPU
		{F2DBABC7-4FA5-4F22-ADEB-E52D0EC64A3E}.Release|Any CPU.Build.0 = Release|Any CPU
		{F2DBABC7-4FA5-4F22-ADEB-E52D0EC64A3E}.Release|ARM.ActiveCfg = Release|Any CPU
		{F2DBABC7-4FA5-4F22-ADEB-E52D0EC64A3E}.Release|ARM.Build.0 = Release|Any CPU
		{F2DBABC7-4FA5-4F22-ADEB-E52D0EC64A3E}.Release|ARM64.ActiveCfg = Release|Any CPU
		{F2DBABC7-4FA5-4F22-ADEB-E52D0EC64A3E}.Release|ARM64.Build.0 = Release|Any CPU
		{F2DBABC7-4FA5-4F22-ADEB-E52D0EC64A3E}.Release|x64.ActiveCfg = Release|Any CPU
		{F2DBABC7-4FA5-4F22-ADEB-E52D0EC64A3E}.Release|x64.Build.0 = Release|Any CPU
		{F2DBABC7-4FA5-4F22-ADEB-E52D0EC64A3E}.Release|x86.ActiveCfg = Release|Any CPU
		{F2DBABC7-4FA5-4F22-ADEB-E52D0EC64A3E}.Release|x86.Build.0 = Release|Any CPU
		{F770C6DF-FB38-404C-8BD4-77C27E3C2897}.Debug|Any CPU.ActiveCfg = Debug|Any CPU
		{F770C6DF-FB38-404C-8BD4-77C27E3C2897}.Debug|Any CPU.Build.0 = Debug|Any CPU
		{F770C6DF-FB38-404C-8BD4-77C27E3C2897}.Debug|ARM.ActiveCfg = Debug|Any CPU
		{F770C6DF-FB38-404C-8BD4-77C27E3C2897}.Debug|ARM.Build.0 = Debug|Any CPU
		{F770C6DF-FB38-404C-8BD4-77C27E3C2897}.Debug|ARM64.ActiveCfg = Debug|Any CPU
		{F770C6DF-FB38-404C-8BD4-77C27E3C2897}.Debug|ARM64.Build.0 = Debug|Any CPU
		{F770C6DF-FB38-404C-8BD4-77C27E3C2897}.Debug|x64.ActiveCfg = Debug|Any CPU
		{F770C6DF-FB38-404C-8BD4-77C27E3C2897}.Debug|x64.Build.0 = Debug|Any CPU
		{F770C6DF-FB38-404C-8BD4-77C27E3C2897}.Debug|x86.ActiveCfg = Debug|Any CPU
		{F770C6DF-FB38-404C-8BD4-77C27E3C2897}.Debug|x86.Build.0 = Debug|Any CPU
		{F770C6DF-FB38-404C-8BD4-77C27E3C2897}.Release|Any CPU.ActiveCfg = Release|Any CPU
		{F770C6DF-FB38-404C-8BD4-77C27E3C2897}.Release|Any CPU.Build.0 = Release|Any CPU
		{F770C6DF-FB38-404C-8BD4-77C27E3C2897}.Release|ARM.ActiveCfg = Release|Any CPU
		{F770C6DF-FB38-404C-8BD4-77C27E3C2897}.Release|ARM.Build.0 = Release|Any CPU
		{F770C6DF-FB38-404C-8BD4-77C27E3C2897}.Release|ARM64.ActiveCfg = Release|Any CPU
		{F770C6DF-FB38-404C-8BD4-77C27E3C2897}.Release|ARM64.Build.0 = Release|Any CPU
		{F770C6DF-FB38-404C-8BD4-77C27E3C2897}.Release|x64.ActiveCfg = Release|Any CPU
		{F770C6DF-FB38-404C-8BD4-77C27E3C2897}.Release|x64.Build.0 = Release|Any CPU
		{F770C6DF-FB38-404C-8BD4-77C27E3C2897}.Release|x86.ActiveCfg = Release|Any CPU
		{F770C6DF-FB38-404C-8BD4-77C27E3C2897}.Release|x86.Build.0 = Release|Any CPU
	EndGlobalSection
	GlobalSection(SolutionProperties) = preSolution
		HideSolutionNode = FALSE
	EndGlobalSection
	GlobalSection(NestedProjects) = preSolution
		{9A0D70E5-4A36-4C64-8228-BCA53FAF4D05} = {B5D0ACD6-9B21-4F51-A5B9-9957FD79E0BF}
		{23F522B7-EB71-4620-9EA9-F7671CC32075} = {B750A7DC-96BB-4476-BA39-65B5C2EFB7C7}
		{4273BDBE-BF24-4BC3-A0B2-FD6ACCE3697E} = {B750A7DC-96BB-4476-BA39-65B5C2EFB7C7}
		{F44EEEDC-4D97-4B07-8D7E-0309B8746005} = {B5D0ACD6-9B21-4F51-A5B9-9957FD79E0BF}
		{C2C9E254-6377-4ED1-94ED-B0CD39932ECF} = {B5D0ACD6-9B21-4F51-A5B9-9957FD79E0BF}
		{FDFDEB10-F16D-4DB0-931C-A534582E5EEB} = {D477A19A-73ED-4188-9CE0-58DA3CF3ED94}
		{EE543D9E-7550-4B77-B68A-02CA81C3EB37} = {D477A19A-73ED-4188-9CE0-58DA3CF3ED94}
		{3399F211-A529-4C52-9325-E820ADD46A12} = {B062C257-F309-4A10-8AAA-A37B0F62AB36}
		{9B501D31-6520-48C6-9C38-443D5478C466} = {2BF5D3EE-6FB4-48E6-8B8C-7D8BA8D13B89}
		{86D5A757-4996-4091-A34B-7158EDAF5D50} = {B062C257-F309-4A10-8AAA-A37B0F62AB36}
		{2D230B1A-DFB7-4B93-AC39-C5A3D9374909} = {B5D0ACD6-9B21-4F51-A5B9-9957FD79E0BF}
		{EDEFAC45-4C0D-4397-8C06-83CCC44E0A90} = {B062C257-F309-4A10-8AAA-A37B0F62AB36}
		{F2DBABC7-4FA5-4F22-ADEB-E52D0EC64A3E} = {B062C257-F309-4A10-8AAA-A37B0F62AB36}
		{F770C6DF-FB38-404C-8BD4-77C27E3C2897} = {B5D0ACD6-9B21-4F51-A5B9-9957FD79E0BF}
	EndGlobalSection
	GlobalSection(ExtensibilityGlobals) = postSolution
		SolutionGuid = {572654C1-4956-46CA-A8F0-ED37C16E2EC4}
	EndGlobalSection
EndGlobal
